
Microsoft Visual Studio Solution File, Format Version 12.00
# Visual Studio Version 17
VisualStudioVersion = 17.12.35514.174 d17.12
MinimumVisualStudioVersion = 10.0.40219.1
Project("{FAE04EC0-301F-11D3-BF4B-00C04F79EFBC}") = "DesignPatterns-Demo", "DesignPatterns-Demo\DesignPatterns-Demo.csproj", "{04F45C97-8B3E-4218-8911-0F6B6F4139FE}"
EndProject
Global
	GlobalSection(SolutionConfigurationPlatforms) = preSolution
		Debug|Any CPU = Debug|Any CPU
		Release|Any CPU = Release|Any CPU
	EndGlobalSection
	GlobalSection(ProjectConfigurationPlatforms) = postSolution
		{04F45C97-8B3E-4218-8911-0F6B6F4139FE}.Debug|Any CPU.ActiveCfg = Debug|Any CPU
		{04F45C97-8B3E-4218-8911-0F6B6F4139FE}.Debug|Any CPU.Build.0 = Debug|Any CPU
		{04F45C97-8B3E-4218-8911-0F6B6F4139FE}.Release|Any CPU.ActiveCfg = Release|Any CPU
		{04F45C97-8B3E-4218-8911-0F6B6F4139FE}.Release|Any CPU.Build.0 = Release|Any CPU
	EndGlobalSection
	GlobalSection(SolutionProperties) = preSolution
		HideSolutionNode = FALSE
	EndGlobalSection
EndGlobal
